
Microsoft Visual Studio Solution File, Format Version 12.00
# Visual Studio Version 17
VisualStudioVersion = 17.9.34714.143
MinimumVisualStudioVersion = 10.0.40219.1
Project("{FAE04EC0-301F-11D3-BF4B-00C04F79EFBC}") = "HealthChecksAPI", "HealthChecksAPI.csproj", "{F18C4C9F-BD1C-40FF-8F64-BF594C6A219A}"
EndProject
Global
	GlobalSection(SolutionConfigurationPlatforms) = preSolution
		Debug|Any CPU = Debug|Any CPU
		Release|Any CPU = Release|Any CPU
	EndGlobalSection
	GlobalSection(ProjectConfigurationPlatforms) = postSolution
		{F18C4C9F-BD1C-40FF-8F64-BF594C6A219A}.Debug|Any CPU.ActiveCfg = Debug|Any CPU
		{F18C4C9F-BD1C-40FF-8F64-BF594C6A219A}.Debug|Any CPU.Build.0 = Debug|Any CPU
		{F18C4C9F-BD1C-40FF-8F64-BF594C6A219A}.Release|Any CPU.ActiveCfg = Release|Any CPU
		{F18C4C9F-BD1C-40FF-8F64-BF594C6A219A}.Release|Any CPU.Build.0 = Release|Any CPU
	EndGlobalSection
	GlobalSection(SolutionProperties) = preSolution
		HideSolutionNode = FALSE
	EndGlobalSection
	GlobalSection(ExtensibilityGlobals) = postSolution
		SolutionGuid = {CDECF562-23E5-4C00-8B56-403866F20AB8}
	EndGlobalSection
EndGlobal
