
Microsoft Visual Studio Solution File, Format Version 12.00
# Visual Studio Version 17
VisualStudioVersion = 17.9.34714.143
MinimumVisualStudioVersion = 10.0.40219.1
Project("{FAE04EC0-301F-11D3-BF4B-00C04F79EFBC}") = "VersioningAPI", "VersioningAPI.csproj", "{864ECF10-9C8D-4434-81DD-89A09AA98B4B}"
EndProject
Global
	GlobalSection(SolutionConfigurationPlatforms) = preSolution
		Debug|Any CPU = Debug|Any CPU
		Release|Any CPU = Release|Any CPU
	EndGlobalSection
	GlobalSection(ProjectConfigurationPlatforms) = postSolution
		{864ECF10-9C8D-4434-81DD-89A09AA98B4B}.Debug|Any CPU.ActiveCfg = Debug|Any CPU
		{864ECF10-9C8D-4434-81DD-89A09AA98B4B}.Debug|Any CPU.Build.0 = Debug|Any CPU
		{864ECF10-9C8D-4434-81DD-89A09AA98B4B}.Release|Any CPU.ActiveCfg = Release|Any CPU
		{864ECF10-9C8D-4434-81DD-89A09AA98B4B}.Release|Any CPU.Build.0 = Release|Any CPU
	EndGlobalSection
	GlobalSection(SolutionProperties) = preSolution
		HideSolutionNode = FALSE
	EndGlobalSection
	GlobalSection(ExtensibilityGlobals) = postSolution
		SolutionGuid = {5E49108E-9740-415E-B1C4-0CEE97E1B269}
	EndGlobalSection
EndGlobal
